
Microsoft Visual Studio Solution File, Format Version 12.00
Project("{FAE04EC0-301F-11D3-BF4B-00C04F79EFBC}") = "TodosApp", "TodosApp\TodosApp.csproj", "{092EF564-7F69-479E-A8D6-86743542831D}"
EndProject
Global
	GlobalSection(SolutionConfigurationPlatforms) = preSolution
		Debug|Any CPU = Debug|Any CPU
		Release|Any CPU = Release|Any CPU
	EndGlobalSection
	GlobalSection(ProjectConfigurationPlatforms) = postSolution
		{092EF564-7F69-479E-A8D6-86743542831D}.Debug|Any CPU.ActiveCfg = Debug|Any CPU
		{092EF564-7F69-479E-A8D6-86743542831D}.Debug|Any CPU.Build.0 = Debug|Any CPU
		{092EF564-7F69-479E-A8D6-86743542831D}.Release|Any CPU.ActiveCfg = Release|Any CPU
		{092EF564-7F69-479E-A8D6-86743542831D}.Release|Any CPU.Build.0 = Release|Any CPU
	EndGlobalSection
EndGlobal
